
Microsoft Visual Studio Solution File, Format Version 12.00
# Visual Studio Version 16
VisualStudioVersion = 16.0.809.10
MinimumVisualStudioVersion = 10.0.40219.1
Project("{FAE04EC0-301F-11D3-BF4B-00C04F79EFBC}") = "Web-1001-Test2", "Web-1001-Test2.csproj", "{ABF2FFA6-5C62-4BA2-8BD1-99456C03E435}"
EndProject
Global
	GlobalSection(SolutionConfigurationPlatforms) = preSolution
		Debug|Any CPU = Debug|Any CPU
		Release|Any CPU = Release|Any CPU
	EndGlobalSection
	GlobalSection(ProjectConfigurationPlatforms) = postSolution
		{ABF2FFA6-5C62-4BA2-8BD1-99456C03E435}.Debug|Any CPU.ActiveCfg = Debug|Any CPU
		{ABF2FFA6-5C62-4BA2-8BD1-99456C03E435}.Debug|Any CPU.Build.0 = Debug|Any CPU
		{ABF2FFA6-5C62-4BA2-8BD1-99456C03E435}.Release|Any CPU.ActiveCfg = Release|Any CPU
		{ABF2FFA6-5C62-4BA2-8BD1-99456C03E435}.Release|Any CPU.Build.0 = Release|Any CPU
	EndGlobalSection
	GlobalSection(SolutionProperties) = preSolution
		HideSolutionNode = FALSE
	EndGlobalSection
	GlobalSection(ExtensibilityGlobals) = postSolution
		SolutionGuid = {2566FA64-01FD-471F-B27B-9DD94335AE08}
	EndGlobalSection
EndGlobal
